dependencies:
- name: nats
  repository: https://charts.bitnami.com/bitnami
  version: 4.4.1
- name: redis
  repository: https://charts.bitnami.com/bitnami
  version: 10.7.5
- name: etcd
  repository: https://charts.bitnami.com/bitnami
  version: 4.12.2
digest: sha256:3c38fe3e56b7f01aeecd60eafc263be885b6e9f821d3c393b4bb1c6a18ca31b0
generated: "2020-11-04T11:32:11.735177948Z"
